# THIS IS AN AUTOGENERATED FILE. DO NOT EDIT THIS FILE DIRECTLY.
# yarn lockfile v1


async-validator@^1.10.0:
  version "1.10.1"
  resolved "https://registry.yarnpkg.com/async-validator/-/async-validator-1.10.1.tgz#41e9b0b9f8e719e6edf946372f018a958c2e70f3"
  integrity sha512-VLiLKZuJc8VIeAMC3YobVsZov8XPNhbwyIkKjhPW5cFnhZXH+HHJpkE270YMD/6zJIOJXUN/Cq0t3fR7XPwaDQ==
  dependencies:
    babel-runtime "6.x"

babel-runtime@6.x:
  version "6.26.0"
  resolved "https://registry.yarnpkg.com/babel-runtime/-/babel-runtime-6.26.0.tgz#965c7058668e82b55d7bfe04ff2337bc8b5647fe"
  integrity sha1-llxwWGaOgrVde/4E/yM3vItWR/4=
  dependencies:
    core-js "^2.4.0"
    regenerator-runtime "^0.11.0"

batch-processor@1.0.0:
  version "1.0.0"
  resolved "https://registry.yarnpkg.com/batch-processor/-/batch-processor-1.0.0.tgz#75c95c32b748e0850d10c2b168f6bdbe9891ace8"
  integrity sha1-dclcMrdI4IUNEMKxaPa9vpiRrOg=

bootstrap@^4.2.1:
  version "4.2.1"
  resolved "https://registry.yarnpkg.com/bootstrap/-/bootstrap-4.2.1.tgz#8f8bdca024dbf0e8644da32e918c8a03a90a5757"
  integrity sha512-tt/7vIv3Gm2mnd/WeDx36nfGGHleil0Wg8IeB7eMrVkY0fZ5iTaBisSh8oNANc2IBsCc6vCgCNTIM/IEN0+50Q==

core-js@^2.4.0:
  version "2.6.1"
  resolved "https://registry.yarnpkg.com/core-js/-/core-js-2.6.1.tgz#87416ae817de957a3f249b3b5ca475d4aaed6042"
  integrity sha512-L72mmmEayPJBejKIWe2pYtGis5r0tQ5NaJekdhyXgeMQTpJoBsH0NL4ElY2LfSoV15xeQWKQ+XTTOZdyero5Xg==

deepmerge@^2.2.1:
  version "2.2.1"
  resolved "https://registry.yarnpkg.com/deepmerge/-/deepmerge-2.2.1.tgz#5d3ff22a01c00f645405a2fbc17d0778a1801170"
  integrity sha512-R9hc1Xa/NOBi9WRVUWg19rl1UB7Tt4kuPd+thNJgFZoxXsTz7ncaPaeIm+40oSGuP33DfMb4sZt1QIGiJzC4EA==

element-resize-detector@^1.2.0:
  version "1.2.0"
  resolved "https://registry.yarnpkg.com/element-resize-detector/-/element-resize-detector-1.2.0.tgz#63344fd6f4e5ecff6f018d027e17b281fd4fa338"
  integrity sha512-UmhNB8sIJVZeg56gEjgmMd6p37sCg8j8trVW0LZM7Wzv+kxQ5CnRHcgRKBTB/kFUSn3e7UP59kl2V2U8Du1hmg==
  dependencies:
    batch-processor "1.0.0"

elements@^0.6.0:
  version "0.6.0"
  resolved "https://registry.yarnpkg.com/elements/-/elements-0.6.0.tgz#fdb9082f18d6e343c14e4c4181175fe6bdc22671"
  integrity sha1-/bkILxjW40PBTkxBgRdf5r3CJnE=
  dependencies:
    mout "^0.11.0"
    prime "^0.5.0"
    slick "^1.12.2"

iview@^3.2.0:
  version "3.2.0"
  resolved "https://registry.yarnpkg.com/iview/-/iview-3.2.0.tgz#4b18961883c36305b0de9a1577b60b704cdcfd8a"
  integrity sha512-R+PcOGYkWVme92L9K574upyS0YKeTCdtGYBLT7kAuJBml78yTowpHPFdNRijyNtXG6ncI1fafAhyl4I9rcCWtg==
  dependencies:
    async-validator "^1.10.0"
    deepmerge "^2.2.1"
    element-resize-detector "^1.2.0"
    js-calendar "^1.2.3"
    lodash.throttle "^4.1.1"
    popper.js "^1.14.6"
    tinycolor2 "^1.4.1"
    v-click-outside-x "^3.5.6"

jquery@^3.3.1:
  version "3.3.1"
  resolved "https://registry.yarnpkg.com/jquery/-/jquery-3.3.1.tgz#958ce29e81c9790f31be7792df5d4d95fc57fbca"
  integrity sha512-Ubldcmxp5np52/ENotGxlLe6aGMvmF4R8S6tZjsP6Knsaxd/xp3Zrh50cG93lR6nPXyUFwzN3ZSOQI0wRJNdGg==

js-calendar@^1.2.3:
  version "1.2.3"
  resolved "https://registry.yarnpkg.com/js-calendar/-/js-calendar-1.2.3.tgz#a583b0644b4e695ba394f344d103dbcc7a7a7d3e"
  integrity sha512-dAA1/Zbp4+c5E+ARCVTIuKepXsNLzSYfzvOimiYD4S5eeP9QuplSHLcdhfqFSwyM1o1u6ku6RRRCyaZ0YAjiBw==

layui-src@^2.4.5:
  version "2.4.5"
  resolved "https://registry.yarnpkg.com/layui-src/-/layui-src-2.4.5.tgz#06d5a59a9f75d76c9188a222a7e2f5ce36f3053b"
  integrity sha512-dPaMlKaq6nip9c8GoJccnVatN39k8I/p3UtqPvMX+TZKsAp6nGpysE7UZb5rvqGpZaL6ESqFqkmrwHj7BijLlA==

lodash.throttle@^4.1.1:
  version "4.1.1"
  resolved "https://registry.yarnpkg.com/lodash.throttle/-/lodash.throttle-4.1.1.tgz#c23e91b710242ac70c37f1e1cda9274cc39bf2f4"
  integrity sha1-wj6RtxAkKscMN/HhzaknTMOb8vQ=

mout@^0.11.0:
  version "0.11.1"
  resolved "https://registry.yarnpkg.com/mout/-/mout-0.11.1.tgz#ba3611df5f0e5b1ffbfd01166b8f02d1f5fa2b99"
  integrity sha1-ujYR318OWx/7/QEWa48C0fX6K5k=

popper.js@^1.14.6:
  version "1.14.6"
  resolved "https://registry.yarnpkg.com/popper.js/-/popper.js-1.14.6.tgz#ab20dd4edf9288b8b3b6531c47c361107b60b4b0"
  integrity sha512-AGwHGQBKumlk/MDfrSOf0JHhJCImdDMcGNoqKmKkU+68GFazv3CQ6q9r7Ja1sKDZmYWTckY/uLyEznheTDycnA==

prime@^0.5.0:
  version "0.5.0"
  resolved "https://registry.yarnpkg.com/prime/-/prime-0.5.0.tgz#4a31494ea289040e9076ae31104b22b09c759cab"
  integrity sha1-SjFJTqKJBA6Qdq4xEEsisJx1nKs=
  dependencies:
    mout "^0.11.0"

regenerator-runtime@^0.11.0:
  version "0.11.1"
  resolved "https://registry.yarnpkg.com/regenerator-runtime/-/regenerator-runtime-0.11.1.tgz#be05ad7f9bf7d22e056f9726cee5017fbf19e2e9"
  integrity sha512-MguG95oij0fC3QV3URf4V2SDYGJhJnJGqvIIgdECeODCT98wSWDAJ94SSuVpYQUoTcGUIL6L4yNB7j1DFFHSBg==

slick@^1.12.2:
  version "1.12.2"
  resolved "https://registry.yarnpkg.com/slick/-/slick-1.12.2.tgz#bd048ddb74de7d1ca6915faa4a57570b3550c2d7"
  integrity sha1-vQSN23TefRymkV+qSldXCzVQwtc=

tinycolor2@^1.4.1:
  version "1.4.1"
  resolved "https://registry.yarnpkg.com/tinycolor2/-/tinycolor2-1.4.1.tgz#f4fad333447bc0b07d4dc8e9209d8f39a8ac77e8"
  integrity sha1-9PrTM0R7wLB9TcjpIJ2POaisd+g=

v-click-outside-x@^3.5.6:
  version "3.5.6"
  resolved "https://registry.yarnpkg.com/v-click-outside-x/-/v-click-outside-x-3.5.6.tgz#fa4159c5540609f4b81c4d2973ed2307fe8fe4da"
  integrity sha512-41j5mdZ8NzGJM5Or0BTADKU1B0vBi5a29g9ieVNTorg3FTiep6zOXjZeLpMmSH/koon1JP6S5uvwI2OfSVCgSA==

vue@^2.5.21:
  version "2.5.21"
  resolved "https://registry.yarnpkg.com/vue/-/vue-2.5.21.tgz#3d33dcd03bb813912ce894a8303ab553699c4a85"
  integrity sha512-Aejvyyfhn0zjVeLvXd70h4hrE4zZDx1wfZqia6ekkobLmUZ+vNFQer53B4fu0EjWBSiqApxPejzkO1Znt3joxQ==
