# THIS IS AN AUTOGENERATED FILE. DO NOT EDIT THIS FILE DIRECTLY.
# yarn lockfile v1


asap@~2.0.3:
  version "2.0.6"
  resolved "https://registry.yarnpkg.com/asap/-/asap-2.0.6.tgz#e50347611d7e690943208bbdafebcbc2fb866d46"
  integrity sha1-5QNHYR1+aQlDIIu9r+vLwvuGbUY=

classnames@^2.2.5:
  version "2.2.6"
  resolved "https://registry.yarnpkg.com/classnames/-/classnames-2.2.6.tgz#43935bffdd291f326dad0a205309b38d00f650ce"
  integrity sha512-JR/iSQOSt+LQIWwrwEzJ9uk0xfN3mTVYMwt1Ir5mUcSN6pU+V4zQFFaJsclJbPuAUQH+yfWef6tm7l1quW3C8Q==

core-js@^1.0.0:
  version "1.2.7"
  resolved "https://registry.yarnpkg.com/core-js/-/core-js-1.2.7.tgz#652294c14651db28fa93bd2d5ff2983a4f08c636"
  integrity sha1-ZSKUwUZR2yj6k70tX/KYOk8IxjY=

fbjs@^0.2.1:
  version "0.2.1"
  resolved "https://registry.yarnpkg.com/fbjs/-/fbjs-0.2.1.tgz#622061630a43e11f845017b9044aaa648ed3f731"
  integrity sha1-YiBhYwpD4R+EUBe5BEqqZI7T9zE=
  dependencies:
    core-js "^1.0.0"
    promise "^7.0.3"
    whatwg-fetch "^0.9.0"

layui@^0.0.1:
  version "0.0.1"
  resolved "https://registry.yarnpkg.com/layui/-/layui-0.0.1.tgz#80a89b9b53c8b64d9ba1ebed53ad95a2c374686b"
  integrity sha1-gKibm1PItk2boevtU62VosN0aGs=
  dependencies:
    classnames "^2.2.5"
    react-tap-event-plugin "^1.0.0"

promise@^7.0.3:
  version "7.3.1"
  resolved "https://registry.yarnpkg.com/promise/-/promise-7.3.1.tgz#064b72602b18f90f29192b8b1bc418ffd1ebd3bf"
  integrity sha512-nolQXZ/4L+bP/UGlkfaIujX9BKxGwmQ9OT4mOt5yvy8iK1h3wqTEJCijzGANTCCl9nWjY41juyAn2K3Q1hLLTg==
  dependencies:
    asap "~2.0.3"

react-tap-event-plugin@^1.0.0:
  version "1.0.0"
  resolved "https://registry.yarnpkg.com/react-tap-event-plugin/-/react-tap-event-plugin-1.0.0.tgz#7a248505a9e9abecc352b2dab313d17685c51adf"
  integrity sha1-eiSFBanpq+zDUrLasxPRdoXFGt8=
  dependencies:
    fbjs "^0.2.1"

vue@^2.5.21:
  version "2.5.21"
  resolved "https://registry.yarnpkg.com/vue/-/vue-2.5.21.tgz#3d33dcd03bb813912ce894a8303ab553699c4a85"
  integrity sha512-Aejvyyfhn0zjVeLvXd70h4hrE4zZDx1wfZqia6ekkobLmUZ+vNFQer53B4fu0EjWBSiqApxPejzkO1Znt3joxQ==

whatwg-fetch@^0.9.0:
  version "0.9.0"
  resolved "https://registry.yarnpkg.com/whatwg-fetch/-/whatwg-fetch-0.9.0.tgz#0e3684c6cb9995b43efc9df03e4c365d95fd9cc0"
  integrity sha1-DjaExsuZlbQ+/J3wPkw2XZX9nMA=
